
Microsoft Visual Studio Solution File, Format Version 12.00
# Visual Studio Version 17
VisualStudioVersion = 17.7.34031.279
MinimumVisualStudioVersion = 10.0.40219.1
Project("{FAE04EC0-301F-11D3-BF4B-00C04F79EFBC}") = "Car Rental VG", "Car Rental VG\Car Rental VG.csproj", "{B23A12C8-12E1-489C-B935-44E6D3EA1416}"
EndProject
Project("{FAE04EC0-301F-11D3-BF4B-00C04F79EFBC}") = "Car Rental.Business", "Car Rental.Business\Car Rental.Business.csproj", "{9FE5857B-082E-4761-A82F-5DADF156085A}"
EndProject
Project("{FAE04EC0-301F-11D3-BF4B-00C04F79EFBC}") = "Car Rental.Common", "Car Rental.Common\Car Rental.Common.csproj", "{D32134D9-CB08-45B0-80DA-B282CB774857}"
EndProject
Project("{FAE04EC0-301F-11D3-BF4B-00C04F79EFBC}") = "Car Rental.Data", "Car Rental.Data\Car Rental.Data.csproj", "{0721F18C-F6C1-4D95-80A6-2F3438D8DE70}"
EndProject
Global
	GlobalSection(SolutionConfigurationPlatforms) = preSolution
		Debug|Any CPU = Debug|Any CPU
		Release|Any CPU = Release|Any CPU
	EndGlobalSection
	GlobalSection(ProjectConfigurationPlatforms) = postSolution
		{B23A12C8-12E1-489C-B935-44E6D3EA1416}.Debug|Any CPU.ActiveCfg = Debug|Any CPU
		{B23A12C8-12E1-489C-B935-44E6D3EA1416}.Debug|Any CPU.Build.0 = Debug|Any CPU
		{B23A12C8-12E1-489C-B935-44E6D3EA1416}.Release|Any CPU.ActiveCfg = Release|Any CPU
		{B23A12C8-12E1-489C-B935-44E6D3EA1416}.Release|Any CPU.Build.0 = Release|Any CPU
		{9FE5857B-082E-4761-A82F-5DADF156085A}.Debug|Any CPU.ActiveCfg = Debug|Any CPU
		{9FE5857B-082E-4761-A82F-5DADF156085A}.Debug|Any CPU.Build.0 = Debug|Any CPU
		{9FE5857B-082E-4761-A82F-5DADF156085A}.Release|Any CPU.ActiveCfg = Release|Any CPU
		{9FE5857B-082E-4761-A82F-5DADF156085A}.Release|Any CPU.Build.0 = Release|Any CPU
		{D32134D9-CB08-45B0-80DA-B282CB774857}.Debug|Any CPU.ActiveCfg = Debug|Any CPU
		{D32134D9-CB08-45B0-80DA-B282CB774857}.Debug|Any CPU.Build.0 = Debug|Any CPU
		{D32134D9-CB08-45B0-80DA-B282CB774857}.Release|Any CPU.ActiveCfg = Release|Any CPU
		{D32134D9-CB08-45B0-80DA-B282CB774857}.Release|Any CPU.Build.0 = Release|Any CPU
		{0721F18C-F6C1-4D95-80A6-2F3438D8DE70}.Debug|Any CPU.ActiveCfg = Debug|Any CPU
		{0721F18C-F6C1-4D95-80A6-2F3438D8DE70}.Debug|Any CPU.Build.0 = Debug|Any CPU
		{0721F18C-F6C1-4D95-80A6-2F3438D8DE70}.Release|Any CPU.ActiveCfg = Release|Any CPU
		{0721F18C-F6C1-4D95-80A6-2F3438D8DE70}.Release|Any CPU.Build.0 = Release|Any CPU
	EndGlobalSection
	GlobalSection(SolutionProperties) = preSolution
		HideSolutionNode = FALSE
	EndGlobalSection
	GlobalSection(ExtensibilityGlobals) = postSolution
		SolutionGuid = {46E014F8-DD6B-4D0A-8D5D-DF25802DF232}
	EndGlobalSection
EndGlobal
